
Microsoft Visual Studio Solution File, Format Version 12.00
# Visual Studio 15
VisualStudioVersion = 15.0.26730.15
MinimumVisualStudioVersion = 10.0.40219.1
Project("{FAE04EC0-301F-11D3-BF4B-00C04F79EFBC}") = "WindowsFormsApp4", "WindowsFormsApp4\WindowsFormsApp4.csproj", "{A924FF3F-31EC-4E04-8A82-875E5B1CD512}"
EndProject
Global
	GlobalSection(SolutionConfigurationPlatforms) = preSolution
		Debug|Any CPU = Debug|Any CPU
		Release|Any CPU = Release|Any CPU
	EndGlobalSection
	GlobalSection(ProjectConfigurationPlatforms) = postSolution
		{A924FF3F-31EC-4E04-8A82-875E5B1CD512}.Debug|Any CPU.ActiveCfg = Debug|Any CPU
		{A924FF3F-31EC-4E04-8A82-875E5B1CD512}.Debug|Any CPU.Build.0 = Debug|Any CPU
		{A924FF3F-31EC-4E04-8A82-875E5B1CD512}.Release|Any CPU.ActiveCfg = Release|Any CPU
		{A924FF3F-31EC-4E04-8A82-875E5B1CD512}.Release|Any CPU.Build.0 = Release|Any CPU
	EndGlobalSection
	GlobalSection(SolutionProperties) = preSolution
		HideSolutionNode = FALSE
	EndGlobalSection
	GlobalSection(ExtensibilityGlobals) = postSolution
		SolutionGuid = {D6581719-8F44-4FE3-A159-B939C2A31F15}
	EndGlobalSection
EndGlobal
