
Microsoft Visual Studio Solution File, Format Version 12.00
# Visual Studio 15
VisualStudioVersion = 15.0.26730.15
MinimumVisualStudioVersion = 10.0.40219.1
Project("{FAE04EC0-301F-11D3-BF4B-00C04F79EFBC}") = "ConnectingToSqlWithC", "ConnectingToSqlWithC\ConnectingToSqlWithC.csproj", "{95C0CF6D-15A3-4082-8388-578AC0582F82}"
EndProject
Global
	GlobalSection(SolutionConfigurationPlatforms) = preSolution
		Debug|Any CPU = Debug|Any CPU
		Release|Any CPU = Release|Any CPU
	EndGlobalSection
	GlobalSection(ProjectConfigurationPlatforms) = postSolution
		{95C0CF6D-15A3-4082-8388-578AC0582F82}.Debug|Any CPU.ActiveCfg = Debug|Any CPU
		{95C0CF6D-15A3-4082-8388-578AC0582F82}.Debug|Any CPU.Build.0 = Debug|Any CPU
		{95C0CF6D-15A3-4082-8388-578AC0582F82}.Release|Any CPU.ActiveCfg = Release|Any CPU
		{95C0CF6D-15A3-4082-8388-578AC0582F82}.Release|Any CPU.Build.0 = Release|Any CPU
	EndGlobalSection
	GlobalSection(SolutionProperties) = preSolution
		HideSolutionNode = FALSE
	EndGlobalSection
	GlobalSection(ExtensibilityGlobals) = postSolution
		SolutionGuid = {775845FD-A449-47A9-ACC0-A1A355E21CE1}
	EndGlobalSection
EndGlobal
